lockfileVersion: '9.0'

settings:
  autoInstallPeers: true
  excludeLinksFromLockfile: false

importers:

  .:
    devDependencies:
      '@types/cors':
        specifier: ^2.8.17
        version: 2.8.17

packages:

  '@types/cors@2.8.17':
    resolution: {integrity: sha512-8CGDvrBj1zgo2qE+oS3pOCyYNqCPryMWY2bGfwA0dcfopWGgxs+78df0Rs3rc9THP4JkOhLsAa+15VdpAqkcUA==}

  '@types/node@20.12.9':
    resolution: {integrity: sha512-o93r47yu04MHumPBCFg0bMPBMNgtMg3jzbhl7e68z50+BMHmRMGDJv13eBlUgOdc9i/uoJXGMGYLtJV4ReTXEg==}

  undici-types@5.26.5:
    resolution: {integrity: sha512-JlCMO+ehdEIKqlFxk6IfVoAUVmgz7cU7zD/h9XZ0qzeosSHmUJVOzSQvvYSYWXkFXC+IfLKSIffhv0sVZup6pA==}

snapshots:

  '@types/cors@2.8.17':
    dependencies:
      '@types/node': 20.12.9

  '@types/node@20.12.9':
    dependencies:
      undici-types: 5.26.5

  undici-types@5.26.5: {}
